
Microsoft Visual Studio Solution File, Format Version 12.00
# Visual Studio Version 17
VisualStudioVersion = 17.11.35312.102
MinimumVisualStudioVersion = 10.0.40219.1
Project("{9A19103F-16F7-4668-BE54-9A1E7A4F7556}") = "DataLayer", "DataLayer\DataLayer.csproj", "{68DF00FF-14E7-4DDC-B8E1-D2EE04860E6F}"
EndProject
Project("{9A19103F-16F7-4668-BE54-9A1E7A4F7556}") = "bisnesseLayer", "bisnesseLayer\bisnesseLayer.csproj", "{C94F0510-CB81-4506-98C3-AB6E769108E2}"
EndProject
Project("{9A19103F-16F7-4668-BE54-9A1E7A4F7556}") = "PresentationLayer", "PresentationLayer\PresentationLayer.csproj", "{6F492947-DAB6-4244-8635-74C725AF6A9C}"
EndProject
Global
	GlobalSection(SolutionConfigurationPlatforms) = preSolution
		Debug|Any CPU = Debug|Any CPU
		Release|Any CPU = Release|Any CPU
	EndGlobalSection
	GlobalSection(ProjectConfigurationPlatforms) = postSolution
		{68DF00FF-14E7-4DDC-B8E1-D2EE04860E6F}.Debug|Any CPU.ActiveCfg = Debug|Any CPU
		{68DF00FF-14E7-4DDC-B8E1-D2EE04860E6F}.Debug|Any CPU.Build.0 = Debug|Any CPU
		{68DF00FF-14E7-4DDC-B8E1-D2EE04860E6F}.Release|Any CPU.ActiveCfg = Release|Any CPU
		{68DF00FF-14E7-4DDC-B8E1-D2EE04860E6F}.Release|Any CPU.Build.0 = Release|Any CPU
		{C94F0510-CB81-4506-98C3-AB6E769108E2}.Debug|Any CPU.ActiveCfg = Debug|Any CPU
		{C94F0510-CB81-4506-98C3-AB6E769108E2}.Debug|Any CPU.Build.0 = Debug|Any CPU
		{C94F0510-CB81-4506-98C3-AB6E769108E2}.Release|Any CPU.ActiveCfg = Release|Any CPU
		{C94F0510-CB81-4506-98C3-AB6E769108E2}.Release|Any CPU.Build.0 = Release|Any CPU
		{6F492947-DAB6-4244-8635-74C725AF6A9C}.Debug|Any CPU.ActiveCfg = Debug|Any CPU
		{6F492947-DAB6-4244-8635-74C725AF6A9C}.Debug|Any CPU.Build.0 = Debug|Any CPU
		{6F492947-DAB6-4244-8635-74C725AF6A9C}.Release|Any CPU.ActiveCfg = Release|Any CPU
		{6F492947-DAB6-4244-8635-74C725AF6A9C}.Release|Any CPU.Build.0 = Release|Any CPU
	EndGlobalSection
	GlobalSection(SolutionProperties) = preSolution
		HideSolutionNode = FALSE
	EndGlobalSection
	GlobalSection(ExtensibilityGlobals) = postSolution
		SolutionGuid = {71D5B850-58B8-4C98-AD9B-D876507B210B}
	EndGlobalSection
EndGlobal
